<?xml version="1.0" encoding="utf-8"?>
<Project ToolsVersion="4.0" xmlns="http://schemas.microsoft.com/developer/msbuild/2003">
  <ItemGroup>
    <Filter Include="Source Files">
      <UniqueIdentifier>{4FC737F1-C7A5-4376-A066-2A32D752A2FF}</UniqueIdentifier>
      <Extensions>cpp;c;cc;cxx;def;odl;idl;hpj;bat;asm;asmx</Extensions>
    </Filter>
    <Filter Include="Header Files">
      <UniqueIdentifier>{93995380-89BD-4b04-88EB-625FBE52EBFB}</UniqueIdentifier>
      <Extensions>h;hh;hpp;hxx;hm;inl;inc;ipp;xsd</Extensions>
    </Filter>
    <Filter Include="Resource Files">
      <UniqueIdentifier>{67DA6AB6-F800-4c08-8B7A-83BB121AAD01}</UniqueIdentifier>
      <Extensions>rc;ico;cur;bmp;dlg;rc2;rct;bin;rgs;gif;jpg;jpeg;jpe;resx;tiff;tif;png;wav;mfcribbon-ms</Extensions>
    </Filter>
  </ItemGroup>
  <ItemGroup>
    <ClCompile Include="CLanServer.cpp">
      <Filter>Source Files</Filter>
    </ClCompile>
    <ClCompile Include="CLanSess.cpp">
      <Filter>Source Files</Filter>
    </ClCompile>
    <ClCompile Include="CMemoryPool.cpp">
      <Filter>Source Files</Filter>
    </ClCompile>
    <ClCompile Include="CMemoryPoolTLS.cpp">
      <Filter>Source Files</Filter>
    </ClCompile>
    <ClCompile Include="CProfiler.cpp">
      <Filter>Source Files</Filter>
    </ClCompile>
    <ClCompile Include="CProfilerManager.cpp">
      <Filter>Source Files</Filter>
    </ClCompile>
    <ClCompile Include="CRingBuffer.cpp">
      <Filter>Source Files</Filter>
    </ClCompile>
    <ClCompile Include="CSeriesBuffer.cpp">
      <Filter>Source Files</Filter>
    </ClCompile>
    <ClCompile Include="CSeriesBufferException.cpp">
      <Filter>Source Files</Filter>
    </ClCompile>
    <ClCompile Include="SharedPCH.cpp">
      <Filter>Source Files</Filter>
    </ClCompile>
    <ClCompile Include="UtilCrashDump.cpp">
      <Filter>Source Files</Filter>
    </ClCompile>
    <ClCompile Include="UtilDef.cpp">
      <Filter>Source Files</Filter>
    </ClCompile>
    <ClCompile Include="UtilErrorCheck.cpp">
      <Filter>Source Files</Filter>
    </ClCompile>
    <ClCompile Include="UtilLogger.cpp">
      <Filter>Source Files</Filter>
    </ClCompile>
    <ClCompile Include="UtilMath.cpp">
      <Filter>Source Files</Filter>
    </ClCompile>
    <ClCompile Include="UtilSocketErrorFunction.cpp">
      <Filter>Source Files</Filter>
    </ClCompile>
    <ClCompile Include="QueueBound.cpp">
      <Filter>Source Files</Filter>
    </ClCompile>
    <ClCompile Include="Queue.cpp">
      <Filter>Source Files</Filter>
    </ClCompile>
    <ClCompile Include="2018-11-21-LockFree_Queue.cpp">
      <Filter>Source Files</Filter>
    </ClCompile>
  </ItemGroup>
  <ItemGroup>
    <ClInclude Include="CLanServer.h">
      <Filter>Header Files</Filter>
    </ClInclude>
    <ClInclude Include="CLanSess.h">
      <Filter>Header Files</Filter>
    </ClInclude>
    <ClInclude Include="CMemoryPool.h">
      <Filter>Header Files</Filter>
    </ClInclude>
    <ClInclude Include="CMemoryPoolTLS.h">
      <Filter>Header Files</Filter>
    </ClInclude>
    <ClInclude Include="CProfiler.h">
      <Filter>Header Files</Filter>
    </ClInclude>
    <ClInclude Include="CProfilerManager.h">
      <Filter>Header Files</Filter>
    </ClInclude>
    <ClInclude Include="CRingBuffer.h">
      <Filter>Header Files</Filter>
    </ClInclude>
    <ClInclude Include="CSeriesBuffer.h">
      <Filter>Header Files</Filter>
    </ClInclude>
    <ClInclude Include="CSeriesBufferException.h">
      <Filter>Header Files</Filter>
    </ClInclude>
    <ClInclude Include="SharedPCH.h">
      <Filter>Header Files</Filter>
    </ClInclude>
    <ClInclude Include="UtilCrashDump.h">
      <Filter>Header Files</Filter>
    </ClInclude>
    <ClInclude Include="UtilDef.h">
      <Filter>Header Files</Filter>
    </ClInclude>
    <ClInclude Include="UtilErrorCheck.h">
      <Filter>Header Files</Filter>
    </ClInclude>
    <ClInclude Include="UtilLogger.h">
      <Filter>Header Files</Filter>
    </ClInclude>
    <ClInclude Include="UtilMath.h">
      <Filter>Header Files</Filter>
    </ClInclude>
    <ClInclude Include="UtilSocketErrorFunction.h">
      <Filter>Header Files</Filter>
    </ClInclude>
    <ClInclude Include="QueueBound.h">
      <Filter>Header Files</Filter>
    </ClInclude>
    <ClInclude Include="Queue.h">
      <Filter>Header Files</Filter>
    </ClInclude>
  </ItemGroup>
</Project>